
Microsoft Visual Studio Solution File, Format Version 12.00
# Visual Studio Version 17
VisualStudioVersion = 17.4.33213.308
MinimumVisualStudioVersion = 10.0.40219.1
Project("{FAE04EC0-301F-11D3-BF4B-00C04F79EFBC}") = "ORMExemploSingle", "ORMExemploSingle\ORMExemploSingle.csproj", "{993DD8BC-B1CB-4C17-A5ED-A9068A932288}"
EndProject
Project("{FAE04EC0-301F-11D3-BF4B-00C04F79EFBC}") = "GlobalDatabaseConnector", "..\..\GIT\GlobalDatabaseConnector\GlobalDatabaseConnector.NetFramework\GlobalDatabaseConnector.csproj", "{0971AA21-5D8B-4CB4-8768-8C04E19CC447}"
EndProject
Project("{FAE04EC0-301F-11D3-BF4B-00C04F79EFBC}") = "ORMExemploMultiple", "ORMExemploMultiple\ORMExemploMultiple.csproj", "{6D8AA54D-6E05-401B-8574-E8E4BF90D6F5}"
EndProject
Project("{FAE04EC0-301F-11D3-BF4B-00C04F79EFBC}") = "Examples", "Examples\Examples.csproj", "{83D1B430-BB41-446E-BF4B-60AF59702568}"
EndProject
Global
	GlobalSection(SolutionConfigurationPlatforms) = preSolution
		Debug|Any CPU = Debug|Any CPU
		Release|Any CPU = Release|Any CPU
	EndGlobalSection
	GlobalSection(ProjectConfigurationPlatforms) = postSolution
		{993DD8BC-B1CB-4C17-A5ED-A9068A932288}.Debug|Any CPU.ActiveCfg = Debug|Any CPU
		{993DD8BC-B1CB-4C17-A5ED-A9068A932288}.Debug|Any CPU.Build.0 = Debug|Any CPU
		{993DD8BC-B1CB-4C17-A5ED-A9068A932288}.Release|Any CPU.ActiveCfg = Release|Any CPU
		{993DD8BC-B1CB-4C17-A5ED-A9068A932288}.Release|Any CPU.Build.0 = Release|Any CPU
		{0971AA21-5D8B-4CB4-8768-8C04E19CC447}.Debug|Any CPU.ActiveCfg = Debug|Any CPU
		{0971AA21-5D8B-4CB4-8768-8C04E19CC447}.Debug|Any CPU.Build.0 = Debug|Any CPU
		{0971AA21-5D8B-4CB4-8768-8C04E19CC447}.Release|Any CPU.ActiveCfg = Release|Any CPU
		{0971AA21-5D8B-4CB4-8768-8C04E19CC447}.Release|Any CPU.Build.0 = Release|Any CPU
		{6D8AA54D-6E05-401B-8574-E8E4BF90D6F5}.Debug|Any CPU.ActiveCfg = Debug|Any CPU
		{6D8AA54D-6E05-401B-8574-E8E4BF90D6F5}.Debug|Any CPU.Build.0 = Debug|Any CPU
		{6D8AA54D-6E05-401B-8574-E8E4BF90D6F5}.Release|Any CPU.ActiveCfg = Release|Any CPU
		{6D8AA54D-6E05-401B-8574-E8E4BF90D6F5}.Release|Any CPU.Build.0 = Release|Any CPU
		{83D1B430-BB41-446E-BF4B-60AF59702568}.Debug|Any CPU.ActiveCfg = Debug|Any CPU
		{83D1B430-BB41-446E-BF4B-60AF59702568}.Debug|Any CPU.Build.0 = Debug|Any CPU
		{83D1B430-BB41-446E-BF4B-60AF59702568}.Release|Any CPU.ActiveCfg = Release|Any CPU
		{83D1B430-BB41-446E-BF4B-60AF59702568}.Release|Any CPU.Build.0 = Release|Any CPU
	EndGlobalSection
	GlobalSection(SolutionProperties) = preSolution
		HideSolutionNode = FALSE
	EndGlobalSection
	GlobalSection(ExtensibilityGlobals) = postSolution
		SolutionGuid = {EB7F44DE-7383-4D20-897F-BE725EE17BF4}
	EndGlobalSection
EndGlobal
